
Microsoft Visual Studio Solution File, Format Version 12.00
# Visual Studio Version 16
VisualStudioVersion = 16.0.30523.141
MinimumVisualStudioVersion = 10.0.40219.1
Project("{FAE04EC0-301F-11D3-BF4B-00C04F79EFBC}") = "thirdTask", "thirdTask\thirdTask.csproj", "{2B4583E2-B0AB-4965-ADA2-7FFDDF84F116}"
EndProject
Global
	GlobalSection(SolutionConfigurationPlatforms) = preSolution
		Debug|Any CPU = Debug|Any CPU
		Release|Any CPU = Release|Any CPU
	EndGlobalSection
	GlobalSection(ProjectConfigurationPlatforms) = postSolution
		{2B4583E2-B0AB-4965-ADA2-7FFDDF84F116}.Debug|Any CPU.ActiveCfg = Debug|Any CPU
		{2B4583E2-B0AB-4965-ADA2-7FFDDF84F116}.Debug|Any CPU.Build.0 = Debug|Any CPU
		{2B4583E2-B0AB-4965-ADA2-7FFDDF84F116}.Release|Any CPU.ActiveCfg = Release|Any CPU
		{2B4583E2-B0AB-4965-ADA2-7FFDDF84F116}.Release|Any CPU.Build.0 = Release|Any CPU
	EndGlobalSection
	GlobalSection(SolutionProperties) = preSolution
		HideSolutionNode = FALSE
	EndGlobalSection
	GlobalSection(ExtensibilityGlobals) = postSolution
		SolutionGuid = {5B20240A-FF9F-4E5E-9E96-F568DF48BE58}
	EndGlobalSection
EndGlobal
