
Microsoft Visual Studio Solution File, Format Version 12.00
# Visual Studio Version 16
VisualStudioVersion = 16.0.30523.141
MinimumVisualStudioVersion = 10.0.40219.1
Project("{FAE04EC0-301F-11D3-BF4B-00C04F79EFBC}") = "StorageUPD", "StorageUPD\StorageUPD.csproj", "{FCC8784D-9902-4659-9692-6EA16495F5DC}"
EndProject
Global
	GlobalSection(SolutionConfigurationPlatforms) = preSolution
		Debug|Any CPU = Debug|Any CPU
		Release|Any CPU = Release|Any CPU
	EndGlobalSection
	GlobalSection(ProjectConfigurationPlatforms) = postSolution
		{FCC8784D-9902-4659-9692-6EA16495F5DC}.Debug|Any CPU.ActiveCfg = Debug|Any CPU
		{FCC8784D-9902-4659-9692-6EA16495F5DC}.Debug|Any CPU.Build.0 = Debug|Any CPU
		{FCC8784D-9902-4659-9692-6EA16495F5DC}.Release|Any CPU.ActiveCfg = Release|Any CPU
		{FCC8784D-9902-4659-9692-6EA16495F5DC}.Release|Any CPU.Build.0 = Release|Any CPU
	EndGlobalSection
	GlobalSection(SolutionProperties) = preSolution
		HideSolutionNode = FALSE
	EndGlobalSection
	GlobalSection(ExtensibilityGlobals) = postSolution
		SolutionGuid = {C5E45BDA-D43D-4A17-9E8D-B5D5F6702031}
	EndGlobalSection
EndGlobal
